
Microsoft Visual Studio Solution File, Format Version 12.00
# Visual Studio 15
VisualStudioVersion = 15.0.28307.539
MinimumVisualStudioVersion = 10.0.40219.1
Project("{FAE04EC0-301F-11D3-BF4B-00C04F79EFBC}") = "ShoppingList", "ShoppingList\ShoppingList.csproj", "{810FAC5A-FDFE-45CA-86C9-D334E3E49A78}"
EndProject
Global
	GlobalSection(SolutionConfigurationPlatforms) = preSolution
		Debug|Any CPU = Debug|Any CPU
		Release|Any CPU = Release|Any CPU
	EndGlobalSection
	GlobalSection(ProjectConfigurationPlatforms) = postSolution
		{810FAC5A-FDFE-45CA-86C9-D334E3E49A78}.Debug|Any CPU.ActiveCfg = Debug|Any CPU
		{810FAC5A-FDFE-45CA-86C9-D334E3E49A78}.Debug|Any CPU.Build.0 = Debug|Any CPU
		{810FAC5A-FDFE-45CA-86C9-D334E3E49A78}.Release|Any CPU.ActiveCfg = Release|Any CPU
		{810FAC5A-FDFE-45CA-86C9-D334E3E49A78}.Release|Any CPU.Build.0 = Release|Any CPU
	EndGlobalSection
	GlobalSection(SolutionProperties) = preSolution
		HideSolutionNode = FALSE
	EndGlobalSection
	GlobalSection(ExtensibilityGlobals) = postSolution
		SolutionGuid = {77D5545A-15CB-4997-BBB2-FB02C74DC61F}
	EndGlobalSection
EndGlobal
